
Microsoft Visual Studio Solution File, Format Version 12.00
# Visual Studio Version 17
VisualStudioVersion = 17.5.002.0
MinimumVisualStudioVersion = 10.0.40219.1
Project("{9A19103F-16F7-4668-BE54-9A1E7A4F7556}") = "eTickets", "eTickets.csproj", "{4399ECF0-0F24-4199-B1B2-F98CF5FE3FCE}"
EndProject
Global
	GlobalSection(SolutionConfigurationPlatforms) = preSolution
		Debug|Any CPU = Debug|Any CPU
		Release|Any CPU = Release|Any CPU
	EndGlobalSection
	GlobalSection(ProjectConfigurationPlatforms) = postSolution
		{4399ECF0-0F24-4199-B1B2-F98CF5FE3FCE}.Debug|Any CPU.ActiveCfg = Debug|Any CPU
		{4399ECF0-0F24-4199-B1B2-F98CF5FE3FCE}.Debug|Any CPU.Build.0 = Debug|Any CPU
		{4399ECF0-0F24-4199-B1B2-F98CF5FE3FCE}.Release|Any CPU.ActiveCfg = Release|Any CPU
		{4399ECF0-0F24-4199-B1B2-F98CF5FE3FCE}.Release|Any CPU.Build.0 = Release|Any CPU
	EndGlobalSection
	GlobalSection(SolutionProperties) = preSolution
		HideSolutionNode = FALSE
	EndGlobalSection
	GlobalSection(ExtensibilityGlobals) = postSolution
		SolutionGuid = {B4D6CA50-A696-4123-A81E-2C862680FEF1}
	EndGlobalSection
EndGlobal
